Microsoft Visual Studio Solution File, Format Version 11.00
# Visual Studio 2010
Project("{FAE04EC0-301F-11D3-BF4B-00C04F79EFBC}") = "Assembly-CSharp", "Assembly-CSharp.csproj", "{AF892474-A056-8063-FB1C-96B70CAC01E9}"
EndProject
Project("{FAE04EC0-301F-11D3-BF4B-00C04F79EFBC}") = "Assembly-CSharp-Editor", "Assembly-CSharp-Editor.csproj", "{562C7689-1772-26A9-0C0A-2C8FD97780BB}"
EndProject
Global
	GlobalSection(SolutionConfigurationPlatforms) = preSolution
		Debug|Any CPU = Debug|Any CPU
		Release|Any CPU = Release|Any CPU
	EndGlobalSection
	GlobalSection(ProjectConfigurationPlatforms) = postSolution
		{AF892474-A056-8063-FB1C-96B70CAC01E9}.Debug|Any CPU.ActiveCfg = Debug|Any CPU
		{AF892474-A056-8063-FB1C-96B70CAC01E9}.Debug|Any CPU.Build.0 = Debug|Any CPU
		{AF892474-A056-8063-FB1C-96B70CAC01E9}.Release|Any CPU.ActiveCfg = Release|Any CPU
		{AF892474-A056-8063-FB1C-96B70CAC01E9}.Release|Any CPU.Build.0 = Release|Any CPU
		{562C7689-1772-26A9-0C0A-2C8FD97780BB}.Debug|Any CPU.ActiveCfg = Debug|Any CPU
		{562C7689-1772-26A9-0C0A-2C8FD97780BB}.Debug|Any CPU.Build.0 = Debug|Any CPU
		{562C7689-1772-26A9-0C0A-2C8FD97780BB}.Release|Any CPU.ActiveCfg = Release|Any CPU
		{562C7689-1772-26A9-0C0A-2C8FD97780BB}.Release|Any CPU.Build.0 = Release|Any CPU
	EndGlobalSection
	GlobalSection(SolutionProperties) = preSolution
		HideSolutionNode = FALSE
	EndGlobalSection
EndGlobal
